
Microsoft Visual Studio Solution File, Format Version 12.00
# Visual Studio Version 16
VisualStudioVersion = 16.0.30517.126
MinimumVisualStudioVersion = 10.0.40219.1
Project("{FAE04EC0-301F-11D3-BF4B-00C04F79EFBC}") = "School", "School\School.csproj", "{BFDCD4D3-0989-4069-A66B-6B1C388D52DC}"
EndProject
Global
	GlobalSection(SolutionConfigurationPlatforms) = preSolution
		Debug|Any CPU = Debug|Any CPU
		Release|Any CPU = Release|Any CPU
	EndGlobalSection
	GlobalSection(ProjectConfigurationPlatforms) = postSolution
		{BFDCD4D3-0989-4069-A66B-6B1C388D52DC}.Debug|Any CPU.ActiveCfg = Debug|Any CPU
		{BFDCD4D3-0989-4069-A66B-6B1C388D52DC}.Debug|Any CPU.Build.0 = Debug|Any CPU
		{BFDCD4D3-0989-4069-A66B-6B1C388D52DC}.Release|Any CPU.ActiveCfg = Release|Any CPU
		{BFDCD4D3-0989-4069-A66B-6B1C388D52DC}.Release|Any CPU.Build.0 = Release|Any CPU
	EndGlobalSection
	GlobalSection(SolutionProperties) = preSolution
		HideSolutionNode = FALSE
	EndGlobalSection
	GlobalSection(ExtensibilityGlobals) = postSolution
		SolutionGuid = {21D5F064-4345-44F4-A300-C9D31FDD3B4B}
	EndGlobalSection
EndGlobal
